
Microsoft Visual Studio Solution File, Format Version 12.00
# Visual Studio Version 18
VisualStudioVersion = 18.5.11723.231
MinimumVisualStudioVersion = 10.0.40219.1
Project("{9A19103F-16F7-4668-BE54-9A1E7A4F7556}") = "EldredBrown.ProFootball.AspNetCore.MvcWebApp", "EldredBrown.ProFootball.AspNetCore.MvcWebApp\EldredBrown.ProFootball.AspNetCore.MvcWebApp.csproj", "{928495BF-9C55-46DA-A4B4-9F86E1DD3451}"
EndProject
Project("{9A19103F-16F7-4668-BE54-9A1E7A4F7556}") = "EldredBrown.ProFootball.AspNetCore.WebApp", "EldredBrown.ProFootball.AspNetCore.WebApp\EldredBrown.ProFootball.AspNetCore.WebApp.csproj", "{0B28395B-4029-4C6D-BB03-169E2412791C}"
EndProject
Project("{9A19103F-16F7-4668-BE54-9A1E7A4F7556}") = "EldredBrown.ProFootball.AspNetCore.MvcWebApp.Tests", "EldredBrown.ProFootball.AspNetCore.MvcWebApp.Tests\EldredBrown.ProFootball.AspNetCore.MvcWebApp.Tests.csproj", "{D7651C6D-02D2-41DC-90C3-AC46DD2F3A52}"
EndProject
Project("{FAE04EC0-301F-11D3-BF4B-00C04F79EFBC}") = "EldredBrown.ProFootball.Net.Data", "EldredBrown.ProFootball.Net.Data\EldredBrown.ProFootball.Net.Data.csproj", "{18FC503C-4F57-4F29-2AA3-945514D5C24A}"
EndProject
Project("{FAE04EC0-301F-11D3-BF4B-00C04F79EFBC}") = "EldredBrown.ProFootball.Net.Data.Tests", "EldredBrown.ProFootball.Net.Data.Tests\EldredBrown.ProFootball.Net.Data.Tests.csproj", "{7AE6CBE4-E7F2-B50E-1EFF-034A4A43E376}"
EndProject
Project("{FAE04EC0-301F-11D3-BF4B-00C04F79EFBC}") = "EldredBrown.ProFootball.Net.Services", "EldredBrown.ProFootball.Net.Services\EldredBrown.ProFootball.Net.Services.csproj", "{023EBEE9-C98F-BF11-BEC1-11686A926523}"
EndProject
Project("{FAE04EC0-301F-11D3-BF4B-00C04F79EFBC}") = "EldredBrown.ProFootball.Net.Services.Tests", "EldredBrown.ProFootball.Net.Services.Tests\EldredBrown.ProFootball.Net.Services.Tests.csproj", "{2AB64489-1A31-3D0D-04E2-C0846038B6EC}"
EndProject
Global
	GlobalSection(SolutionConfigurationPlatforms) = preSolution
		Debug|Any CPU = Debug|Any CPU
		Release|Any CPU = Release|Any CPU
	EndGlobalSection
	GlobalSection(ProjectConfigurationPlatforms) = postSolution
		{928495BF-9C55-46DA-A4B4-9F86E1DD3451}.Debug|Any CPU.ActiveCfg = Debug|Any CPU
		{928495BF-9C55-46DA-A4B4-9F86E1DD3451}.Debug|Any CPU.Build.0 = Debug|Any CPU
		{928495BF-9C55-46DA-A4B4-9F86E1DD3451}.Release|Any CPU.ActiveCfg = Release|Any CPU
		{928495BF-9C55-46DA-A4B4-9F86E1DD3451}.Release|Any CPU.Build.0 = Release|Any CPU
		{0B28395B-4029-4C6D-BB03-169E2412791C}.Debug|Any CPU.ActiveCfg = Debug|Any CPU
		{0B28395B-4029-4C6D-BB03-169E2412791C}.Debug|Any CPU.Build.0 = Debug|Any CPU
		{0B28395B-4029-4C6D-BB03-169E2412791C}.Release|Any CPU.ActiveCfg = Release|Any CPU
		{0B28395B-4029-4C6D-BB03-169E2412791C}.Release|Any CPU.Build.0 = Release|Any CPU
		{D7651C6D-02D2-41DC-90C3-AC46DD2F3A52}.Debug|Any CPU.ActiveCfg = Debug|Any CPU
		{D7651C6D-02D2-41DC-90C3-AC46DD2F3A52}.Debug|Any CPU.Build.0 = Debug|Any CPU
		{D7651C6D-02D2-41DC-90C3-AC46DD2F3A52}.Release|Any CPU.ActiveCfg = Release|Any CPU
		{D7651C6D-02D2-41DC-90C3-AC46DD2F3A52}.Release|Any CPU.Build.0 = Release|Any CPU
		{18FC503C-4F57-4F29-2AA3-945514D5C24A}.Debug|Any CPU.ActiveCfg = Debug|Any CPU
		{18FC503C-4F57-4F29-2AA3-945514D5C24A}.Debug|Any CPU.Build.0 = Debug|Any CPU
		{18FC503C-4F57-4F29-2AA3-945514D5C24A}.Release|Any CPU.ActiveCfg = Release|Any CPU
		{18FC503C-4F57-4F29-2AA3-945514D5C24A}.Release|Any CPU.Build.0 = Release|Any CPU
		{7AE6CBE4-E7F2-B50E-1EFF-034A4A43E376}.Debug|Any CPU.ActiveCfg = Debug|Any CPU
		{7AE6CBE4-E7F2-B50E-1EFF-034A4A43E376}.Debug|Any CPU.Build.0 = Debug|Any CPU
		{7AE6CBE4-E7F2-B50E-1EFF-034A4A43E376}.Release|Any CPU.ActiveCfg = Release|Any CPU
		{7AE6CBE4-E7F2-B50E-1EFF-034A4A43E376}.Release|Any CPU.Build.0 = Release|Any CPU
		{023EBEE9-C98F-BF11-BEC1-11686A926523}.Debug|Any CPU.ActiveCfg = Debug|Any CPU
		{023EBEE9-C98F-BF11-BEC1-11686A926523}.Debug|Any CPU.Build.0 = Debug|Any CPU
		{023EBEE9-C98F-BF11-BEC1-11686A926523}.Release|Any CPU.ActiveCfg = Release|Any CPU
		{023EBEE9-C98F-BF11-BEC1-11686A926523}.Release|Any CPU.Build.0 = Release|Any CPU
		{2AB64489-1A31-3D0D-04E2-C0846038B6EC}.Debug|Any CPU.ActiveCfg = Debug|Any CPU
		{2AB64489-1A31-3D0D-04E2-C0846038B6EC}.Debug|Any CPU.Build.0 = Debug|Any CPU
		{2AB64489-1A31-3D0D-04E2-C0846038B6EC}.Release|Any CPU.ActiveCfg = Release|Any CPU
		{2AB64489-1A31-3D0D-04E2-C0846038B6EC}.Release|Any CPU.Build.0 = Release|Any CPU
	EndGlobalSection
	GlobalSection(SolutionProperties) = preSolution
		HideSolutionNode = FALSE
	EndGlobalSection
	GlobalSection(ExtensibilityGlobals) = postSolution
		SolutionGuid = {FD3D623E-8E4D-441D-8AA7-872C9F6C730E}
	EndGlobalSection
EndGlobal
